// !$*UTF8*$!
{
	archiveVersion = 1;
	classes = {
	};
	objectVersion = 48;
	objects = {

/* Begin PBXBuildFile section */
		54C834E8204991BB00047EF8 /* AppDelegate.m in Sources */ = {isa = PBXBuildFile; fileRef = 54C834E7204991BB00047EF8 /* AppDelegate.m */; };
		54C834EE204991BC00047EF8 /* Main.storyboard in Resources */ = {isa = PBXBuildFile; fileRef = 54C834EC204991BC00047EF8 /* Main.storyboard */; };
		54C834F0204991BC00047EF8 /* Assets.xcassets in Resources */ = {isa = PBXBuildFile; fileRef = 54C834EF204991BC00047EF8 /* Assets.xcassets */; };
		54C834F3204991BC00047EF8 /* LaunchScreen.storyboard in Resources */ = {isa = PBXBuildFile; fileRef = 54C834F1204991BC00047EF8 /* LaunchScreen.storyboard */; };
		54C834F6204991BC00047EF8 /* main.m in Sources */ = {isa = PBXBuildFile; fileRef = 54C834F5204991BC00047EF8 /* main.m */; };
		54C83500204991BC00047EF8 /* TransitionAnimationTests.m in Sources */ = {isa = PBXBuildFile; fileRef = 54C834FF204991BC00047EF8 /* TransitionAnimationTests.m */; };
		54C8350B204991BC00047EF8 /* TransitionAnimationUITests.m in Sources */ = {isa = PBXBuildFile; fileRef = 54C8350A204991BC00047EF8 /* TransitionAnimationUITests.m */; };
		54C8351D2049991B00047EF8 /* BouncePresentAnimation.m in Sources */ = {isa = PBXBuildFile; fileRef = 54C8351C2049991B00047EF8 /* BouncePresentAnimation.m */; };
		54C8352320499BFE00047EF8 /* DismissAnimation.m in Sources */ = {isa = PBXBuildFile; fileRef = 54C8352220499BFE00047EF8 /* DismissAnimation.m */; };
		54C83529204A8B8600047EF8 /* DismissInteraction.m in Sources */ = {isa = PBXBuildFile; fileRef = 54C83528204A8B8600047EF8 /* DismissInteraction.m */; };
		54C83535204A9C6C00047EF8 /* ModalViewController.m in Sources */ = {isa = PBXBuildFile; fileRef = 54C8352E204A9C6C00047EF8 /* ModalViewController.m */; };
		54C83536204A9C6C00047EF8 /* ViewController.m in Sources */ = {isa = PBXBuildFile; fileRef = 54C83530204A9C6C00047EF8 /* ViewController.m */; };
		54C83538204A9C6D00047EF8 /* ModalViewController2.m in Sources */ = {isa = PBXBuildFile; fileRef = 54C83532204A9C6C00047EF8 /* ModalViewController2.m */; };
		54C8353C204A9CD700047EF8 /* TransitionDelegater.m in Sources */ = {isa = PBXBuildFile; fileRef = 54C8353B204A9CD700047EF8 /* TransitionDelegater.m */; };
/* End PBXBuildFile section */

/* Begin PBXContainerItemProxy section */
		54C834FC204991BC00047EF8 /* PBXContainerItemProxy */ = {
			isa = PBXContainerItemProxy;
			containerPortal = 54C834DB204991BB00047EF8 /* Project object */;
			proxyType = 1;
			remoteGlobalIDString = 54C834E2204991BB00047EF8;
			remoteInfo = TransitionAnimation;
		};
		54C83507204991BC00047EF8 /* PBXContainerItemProxy */ = {
			isa = PBXContainerItemProxy;
			containerPortal = 54C834DB204991BB00047EF8 /* Project object */;
			proxyType = 1;
			remoteGlobalIDString = 54C834E2204991BB00047EF8;
			remoteInfo = TransitionAnimation;
		};
/* End PBXContainerItemProxy section */

/* Begin PBXFileReference section */
		54C834E3204991BB00047EF8 /* TransitionAnimation.app */ = {isa = PBXFileReference; explicitFileType = wrapper.application; includeInIndex = 0; path = TransitionAnimation.app; sourceTree = BUILT_PRODUCTS_DIR; };
		54C834E6204991BB00047EF8 /* AppDelegate.h */ = {isa = PBXFileReference; lastKnownFileType = sourcecode.c.h; path = AppDelegate.h; sourceTree = "<group>"; };
		54C834E7204991BB00047EF8 /* AppDelegate.m */ = {isa = PBXFileReference; lastKnownFileType = sourcecode.c.objc; path = AppDelegate.m; sourceTree = "<group>"; };
		54C834ED204991BC00047EF8 /* Base */ = {isa = PBXFileReference; lastKnownFileType = file.storyboard; name = Base; path = Base.lproj/Main.storyboard; sourceTree = "<group>"; };
		54C834EF204991BC00047EF8 /* Assets.xcassets */ = {isa = PBXFileReference; lastKnownFileType = folder.assetcatalog; path = Assets.xcassets; sourceTree = "<group>"; };
		54C834F2204991BC00047EF8 /* Base */ = {isa = PBXFileReference; lastKnownFileType = file.storyboard; name = Base; path = Base.lproj/LaunchScreen.storyboard; sourceTree = "<group>"; };
		54C834F4204991BC00047EF8 /* Info.plist */ = {isa = PBXFileReference; lastKnownFileType = text.plist.xml; path = Info.plist; sourceTree = "<group>"; };
		54C834F5204991BC00047EF8 /* main.m */ = {isa = PBXFileReference; lastKnownFileType = sourcecode.c.objc; path = main.m; sourceTree = "<group>"; };
		54C834FB204991BC00047EF8 /* TransitionAnimationTests.xctest */ = {isa = PBXFileReference; explicitFileType = wrapper.cfbundle; includeInIndex = 0; path = TransitionAnimationTests.xctest; sourceTree = BUILT_PRODUCTS_DIR; };
		54C834FF204991BC00047EF8 /* TransitionAnimationTests.m */ = {isa = PBXFileReference; lastKnownFileType = sourcecode.c.objc; path = TransitionAnimationTests.m; sourceTree = "<group>"; };
		54C83501204991BC00047EF8 /* Info.plist */ = {isa = PBXFileReference; lastKnownFileType = text.plist.xml; path = Info.plist; sourceTree = "<group>"; };
		54C83506204991BC00047EF8 /* TransitionAnimationUITests.xctest */ = {isa = PBXFileReference; explicitFileType = wrapper.cfbundle; includeInIndex = 0; path = TransitionAnimationUITests.xctest; sourceTree = BUILT_PRODUCTS_DIR; };
		54C8350A204991BC00047EF8 /* TransitionAnimationUITests.m */ = {isa = PBXFileReference; lastKnownFileType = sourcecode.c.objc; path = TransitionAnimationUITests.m; sourceTree = "<group>"; };
		54C8350C204991BC00047EF8 /* Info.plist */ = {isa = PBXFileReference; lastKnownFileType = text.plist.xml; path = Info.plist; sourceTree = "<group>"; };
		54C8351B2049991B00047EF8 /* BouncePresentAnimation.h */ = {isa = PBXFileReference; lastKnownFileType = sourcecode.c.h; path = BouncePresentAnimation.h; sourceTree = "<group>"; };
		54C8351C2049991B00047EF8 /* BouncePresentAnimation.m */ = {isa = PBXFileReference; lastKnownFileType = sourcecode.c.objc; path = BouncePresentAnimation.m; sourceTree = "<group>"; };
		54C8352120499BFE00047EF8 /* DismissAnimation.h */ = {isa = PBXFileReference; lastKnownFileType = sourcecode.c.h; path = DismissAnimation.h; sourceTree = "<group>"; };
		54C8352220499BFE00047EF8 /* DismissAnimation.m */ = {isa = PBXFileReference; lastKnownFileType = sourcecode.c.objc; path = DismissAnimation.m; sourceTree = "<group>"; };
		54C83527204A8B8600047EF8 /* DismissInteraction.h */ = {isa = PBXFileReference; lastKnownFileType = sourcecode.c.h; path = DismissInteraction.h; sourceTree = "<group>"; };
		54C83528204A8B8600047EF8 /* DismissInteraction.m */ = {isa = PBXFileReference; lastKnownFileType = sourcecode.c.objc; path = DismissInteraction.m; sourceTree = "<group>"; };
		54C8352E204A9C6C00047EF8 /* ModalViewController.m */ = {isa = PBXFileReference; fileEncoding = 4; lastKnownFileType = sourcecode.c.objc; path = ModalViewController.m; sourceTree = "<group>"; };
		54C8352F204A9C6C00047EF8 /* ModalViewController2.h */ = {isa = PBXFileReference; fileEncoding = 4; lastKnownFileType = sourcecode.c.h; path = ModalViewController2.h; sourceTree = "<group>"; };
		54C83530204A9C6C00047EF8 /* ViewController.m */ = {isa = PBXFileReference; fileEncoding = 4; lastKnownFileType = sourcecode.c.objc; path = ViewController.m; sourceTree = "<group>"; };
		54C83532204A9C6C00047EF8 /* ModalViewController2.m */ = {isa = PBXFileReference; fileEncoding = 4; lastKnownFileType = sourcecode.c.objc; path = ModalViewController2.m; sourceTree = "<group>"; };
		54C83533204A9C6C00047EF8 /* ModalViewController.h */ = {isa = PBXFileReference; fileEncoding = 4; lastKnownFileType = sourcecode.c.h; path = ModalViewController.h; sourceTree = "<group>"; };
		54C83534204A9C6C00047EF8 /* ViewController.h */ = {isa = PBXFileReference; fileEncoding = 4; lastKnownFileType = sourcecode.c.h; path = ViewController.h; sourceTree = "<group>"; };
		54C8353A204A9CD700047EF8 /* TransitionDelegater.h */ = {isa = PBXFileReference; fileEncoding = 4; lastKnownFileType = sourcecode.c.h; path = TransitionDelegater.h; sourceTree = "<group>"; };
		54C8353B204A9CD700047EF8 /* TransitionDelegater.m */ = {isa = PBXFileReference; fileEncoding = 4; lastKnownFileType = sourcecode.c.objc; path = TransitionDelegater.m; sourceTree = "<group>"; };
/* End PBXFileReference section */

/* Begin PBXFrameworksBuildPhase section */
		54C834E0204991BB00047EF8 /* Frameworks */ = {
			isa = PBXFrameworksBuildPhase;
			buildActionMask = 2147483647;
			files = (
			);
			runOnlyForDeploymentPostprocessing = 0;
		};
		54C834F8204991BC00047EF8 /* Frameworks */ = {
			isa = PBXFrameworksBuildPhase;
			buildActionMask = 2147483647;
			files = (
			);
			runOnlyForDeploymentPostprocessing = 0;
		};
		54C83503204991BC00047EF8 /* Frameworks */ = {
			isa = PBXFrameworksBuildPhase;
			buildActionMask = 2147483647;
			files = (
			);
			runOnlyForDeploymentPostprocessing = 0;
		};
/* End PBXFrameworksBuildPhase section */

/* Begin PBXGroup section */
		54C834DA204991BB00047EF8 = {
			isa = PBXGroup;
			children = (
				54C834E5204991BB00047EF8 /* TransitionAnimation */,
				54C834FE204991BC00047EF8 /* TransitionAnimationTests */,
				54C83509204991BC00047EF8 /* TransitionAnimationUITests */,
				54C834E4204991BB00047EF8 /* Products */,
			);
			sourceTree = "<group>";
		};
		54C834E4204991BB00047EF8 /* Products */ = {
			isa = PBXGroup;
			children = (
				54C834E3204991BB00047EF8 /* TransitionAnimation.app */,
				54C834FB204991BC00047EF8 /* TransitionAnimationTests.xctest */,
				54C83506204991BC00047EF8 /* TransitionAnimationUITests.xctest */,
			);
			name = Products;
			sourceTree = "<group>";
		};
		54C834E5204991BB00047EF8 /* TransitionAnimation */ = {
			isa = PBXGroup;
			children = (
				54C834E6204991BB00047EF8 /* AppDelegate.h */,
				54C834E7204991BB00047EF8 /* AppDelegate.m */,
				54C8352D204A9C6C00047EF8 /* ViewController */,
				54C83539204A9CD700047EF8 /* Delegater */,
				54C8351B2049991B00047EF8 /* BouncePresentAnimation.h */,
				54C8351C2049991B00047EF8 /* BouncePresentAnimation.m */,
				54C8352120499BFE00047EF8 /* DismissAnimation.h */,
				54C8352220499BFE00047EF8 /* DismissAnimation.m */,
				54C83527204A8B8600047EF8 /* DismissInteraction.h */,
				54C83528204A8B8600047EF8 /* DismissInteraction.m */,
				54C834EC204991BC00047EF8 /* Main.storyboard */,
				54C834EF204991BC00047EF8 /* Assets.xcassets */,
				54C834F1204991BC00047EF8 /* LaunchScreen.storyboard */,
				54C834F4204991BC00047EF8 /* Info.plist */,
				54C834F5204991BC00047EF8 /* main.m */,
			);
			path = TransitionAnimation;
			sourceTree = "<group>";
		};
		54C834FE204991BC00047EF8 /* TransitionAnimationTests */ = {
			isa = PBXGroup;
			children = (
				54C834FF204991BC00047EF8 /* TransitionAnimationTests.m */,
				54C83501204991BC00047EF8 /* Info.plist */,
			);
			path = TransitionAnimationTests;
			sourceTree = "<group>";
		};
		54C83509204991BC00047EF8 /* TransitionAnimationUITests */ = {
			isa = PBXGroup;
			children = (
				54C8350A204991BC00047EF8 /* TransitionAnimationUITests.m */,
				54C8350C204991BC00047EF8 /* Info.plist */,
			);
			path = TransitionAnimationUITests;
			sourceTree = "<group>";
		};
		54C8352D204A9C6C00047EF8 /* ViewController */ = {
			isa = PBXGroup;
			children = (
				54C83534204A9C6C00047EF8 /* ViewController.h */,
				54C83530204A9C6C00047EF8 /* ViewController.m */,
				54C83533204A9C6C00047EF8 /* ModalViewController.h */,
				54C8352E204A9C6C00047EF8 /* ModalViewController.m */,
				54C8352F204A9C6C00047EF8 /* ModalViewController2.h */,
				54C83532204A9C6C00047EF8 /* ModalViewController2.m */,
			);
			path = ViewController;
			sourceTree = "<group>";
		};
		54C83539204A9CD700047EF8 /* Delegater */ = {
			isa = PBXGroup;
			children = (
				54C8353A204A9CD700047EF8 /* TransitionDelegater.h */,
				54C8353B204A9CD700047EF8 /* TransitionDelegater.m */,
			);
			path = Delegater;
			sourceTree = "<group>";
		};
/* End PBXGroup section */

/* Begin PBXNativeTarget section */
		54C834E2204991BB00047EF8 /* TransitionAnimation */ = {
			isa = PBXNativeTarget;
			buildConfigurationList = 54C8350F204991BC00047EF8 /* Build configuration list for PBXNativeTarget "TransitionAnimation" */;
			buildPhases = (
				54C834DF204991BB00047EF8 /* Sources */,
				54C834E0204991BB00047EF8 /* Frameworks */,
				54C834E1204991BB00047EF8 /* Resources */,
			);
			buildRules = (
			);
			dependencies = (
			);
			name = TransitionAnimation;
			productName = TransitionAnimation;
			productReference = 54C834E3204991BB00047EF8 /* TransitionAnimation.app */;
			productType = "com.apple.product-type.application";
		};
		54C834FA204991BC00047EF8 /* TransitionAnimationTests */ = {
			isa = PBXNativeTarget;
			buildConfigurationList = 54C83512204991BC00047EF8 /* Build configuration list for PBXNativeTarget "TransitionAnimationTests" */;
			buildPhases = (
				54C834F7204991BC00047EF8 /* Sources */,
				54C834F8204991BC00047EF8 /* Frameworks */,
				54C834F9204991BC00047EF8 /* Resources */,
			);
			buildRules = (
			);
			dependencies = (
				54C834FD204991BC00047EF8 /* PBXTargetDependency */,
			);
			name = TransitionAnimationTests;
			productName = TransitionAnimationTests;
			productReference = 54C834FB204991BC00047EF8 /* TransitionAnimationTests.xctest */;
			productType = "com.apple.product-type.bundle.unit-test";
		};
		54C83505204991BC00047EF8 /* TransitionAnimationUITests */ = {
			isa = PBXNativeTarget;
			buildConfigurationList = 54C83515204991BC00047EF8 /* Build configuration list for PBXNativeTarget "TransitionAnimationUITests" */;
			buildPhases = (
				54C83502204991BC00047EF8 /* Sources */,
				54C83503204991BC00047EF8 /* Frameworks */,
				54C83504204991BC00047EF8 /* Resources */,
			);
			buildRules = (
			);
			dependencies = (
				54C83508204991BC00047EF8 /* PBXTargetDependency */,
			);
			name = TransitionAnimationUITests;
			productName = TransitionAnimationUITests;
			productReference = 54C83506204991BC00047EF8 /* TransitionAnimationUITests.xctest */;
			productType = "com.apple.product-type.bundle.ui-testing";
		};
/* End PBXNativeTarget section */

/* Begin PBXProject section */
		54C834DB204991BB00047EF8 /* Project object */ = {
			isa = PBXProject;
			attributes = {
				LastUpgradeCheck = 0920;
				ORGANIZATIONNAME = liqian;
				TargetAttributes = {
					54C834E2204991BB00047EF8 = {
						CreatedOnToolsVersion = 9.2;
						ProvisioningStyle = Automatic;
					};
					54C834FA204991BC00047EF8 = {
						CreatedOnToolsVersion = 9.2;
						ProvisioningStyle = Automatic;
						TestTargetID = 54C834E2204991BB00047EF8;
					};
					54C83505204991BC00047EF8 = {
						CreatedOnToolsVersion = 9.2;
						ProvisioningStyle = Automatic;
						TestTargetID = 54C834E2204991BB00047EF8;
					};
				};
			};
			buildConfigurationList = 54C834DE204991BB00047EF8 /* Build configuration list for PBXProject "TransitionAnimation" */;
			compatibilityVersion = "Xcode 8.0";
			developmentRegion = en;
			hasScannedForEncodings = 0;
			knownRegions = (
				en,
				Base,
			);
			mainGroup = 54C834DA204991BB00047EF8;
			productRefGroup = 54C834E4204991BB00047EF8 /* Products */;
			projectDirPath = "";
			projectRoot = "";
			targets = (
				54C834E2204991BB00047EF8 /* TransitionAnimation */,
				54C834FA204991BC00047EF8 /* TransitionAnimationTests */,
				54C83505204991BC00047EF8 /* TransitionAnimationUITests */,
			);
		};
/* End PBXProject section */

/* Begin PBXResourcesBuildPhase section */
		54C834E1204991BB00047EF8 /* Resources */ = {
			isa = PBXResourcesBuildPhase;
			buildActionMask = 2147483647;
			files = (
				54C834F3204991BC00047EF8 /* LaunchScreen.storyboard in Resources */,
				54C834F0204991BC00047EF8 /* Assets.xcassets in Resources */,
				54C834EE204991BC00047EF8 /* Main.storyboard in Resources */,
			);
			runOnlyForDeploymentPostprocessing = 0;
		};
		54C834F9204991BC00047EF8 /* Resources */ = {
			isa = PBXResourcesBuildPhase;
			buildActionMask = 2147483647;
			files = (
			);
			runOnlyForDeploymentPostprocessing = 0;
		};
		54C83504204991BC00047EF8 /* Resources */ = {
			isa = PBXResourcesBuildPhase;
			buildActionMask = 2147483647;
			files = (
			);
			runOnlyForDeploymentPostprocessing = 0;
		};
/* End PBXResourcesBuildPhase section */

/* Begin PBXSourcesBuildPhase section */
		54C834DF204991BB00047EF8 /* Sources */ = {
			isa = PBXSourcesBuildPhase;
			buildActionMask = 2147483647;
			files = (
				54C8353C204A9CD700047EF8 /* TransitionDelegater.m in Sources */,
				54C8351D2049991B00047EF8 /* BouncePresentAnimation.m in Sources */,
				54C83536204A9C6C00047EF8 /* ViewController.m in Sources */,
				54C83535204A9C6C00047EF8 /* ModalViewController.m in Sources */,
				54C8352320499BFE00047EF8 /* DismissAnimation.m in Sources */,
				54C83529204A8B8600047EF8 /* DismissInteraction.m in Sources */,
				54C834F6204991BC00047EF8 /* main.m in Sources */,
				54C83538204A9C6D00047EF8 /* ModalViewController2.m in Sources */,
				54C834E8204991BB00047EF8 /* AppDelegate.m in Sources */,
			);
			runOnlyForDeploymentPostprocessing = 0;
		};
		54C834F7204991BC00047EF8 /* Sources */ = {
			isa = PBXSourcesBuildPhase;
			buildActionMask = 2147483647;
			files = (
				54C83500204991BC00047EF8 /* TransitionAnimationTests.m in Sources */,
			);
			runOnlyForDeploymentPostprocessing = 0;
		};
		54C83502204991BC00047EF8 /* Sources */ = {
			isa = PBXSourcesBuildPhase;
			buildActionMask = 2147483647;
			files = (
				54C8350B204991BC00047EF8 /* TransitionAnimationUITests.m in Sources */,
			);
			runOnlyForDeploymentPostprocessing = 0;
		};
/* End PBXSourcesBuildPhase section */

/* Begin PBXTargetDependency section */
		54C834FD204991BC00047EF8 /* PBXTargetDependency */ = {
			isa = PBXTargetDependency;
			target = 54C834E2204991BB00047EF8 /* TransitionAnimation */;
			targetProxy = 54C834FC204991BC00047EF8 /* PBXContainerItemProxy */;
		};
		54C83508204991BC00047EF8 /* PBXTargetDependency */ = {
			isa = PBXTargetDependency;
			target = 54C834E2204991BB00047EF8 /* TransitionAnimation */;
			targetProxy = 54C83507204991BC00047EF8 /* PBXContainerItemProxy */;
		};
/* End PBXTargetDependency section */

/* Begin PBXVariantGroup section */
		54C834EC204991BC00047EF8 /* Main.storyboard */ = {
			isa = PBXVariantGroup;
			children = (
				54C834ED204991BC00047EF8 /* Base */,
			);
			name = Main.storyboard;
			sourceTree = "<group>";
		};
		54C834F1204991BC00047EF8 /* LaunchScreen.storyboard */ = {
			isa = PBXVariantGroup;
			children = (
				54C834F2204991BC00047EF8 /* Base */,
			);
			name = LaunchScreen.storyboard;
			sourceTree = "<group>";
		};
/* End PBXVariantGroup section */

/* Begin XCBuildConfiguration section */
		54C8350D204991BC00047EF8 /* Debug */ = {
			isa = XCBuildConfiguration;
			buildSettings = {
				ALWAYS_SEARCH_USER_PATHS = NO;
				CLANG_ANALYZER_NONNULL = YES;
				CLANG_ANALYZER_NUMBER_OBJECT_CONVERSION = YES_AGGRESSIVE;
				CLANG_CXX_LANGUAGE_STANDARD = "gnu++14";
				CLANG_CXX_LIBRARY = "libc++";
				CLANG_ENABLE_MODULES = YES;
				CLANG_ENABLE_OBJC_ARC = YES;
				CLANG_WARN_BLOCK_CAPTURE_AUTORELEASING = YES;
				CLANG_WARN_BOOL_CONVERSION = YES;
				CLANG_WARN_COMMA = YES;
				CLANG_WARN_CONSTANT_CONVERSION = YES;
				CLANG_WARN_DIRECT_OBJC_ISA_USAGE = YES_ERROR;
				CLANG_WARN_DOCUMENTATION_COMMENTS = YES;
				CLANG_WARN_EMPTY_BODY = YES;
				CLANG_WARN_ENUM_CONVERSION = YES;
				CLANG_WARN_INFINITE_RECURSION = YES;
				CLANG_WARN_INT_CONVERSION = YES;
				CLANG_WARN_NON_LITERAL_NULL_CONVERSION = YES;
				CLANG_WARN_OBJC_LITERAL_CONVERSION = YES;
				CLANG_WARN_OBJC_ROOT_CLASS = YES_ERROR;
				CLANG_WARN_RANGE_LOOP_ANALYSIS = YES;
				CLANG_WARN_STRICT_PROTOTYPES = YES;
				CLANG_WARN_SUSPICIOUS_MOVE = YES;
				CLANG_WARN_UNGUARDED_AVAILABILITY = YES_AGGRESSIVE;
				CLANG_WARN_UNREACHABLE_CODE = YES;
				CLANG_WARN__DUPLICATE_METHOD_MATCH = YES;
				CODE_SIGN_IDENTITY = "iPhone Developer";
				COPY_PHASE_STRIP = NO;
				DEBUG_INFORMATION_FORMAT = dwarf;
				ENABLE_STRICT_OBJC_MSGSEND = YES;
				ENABLE_TESTABILITY = YES;
				GCC_C_LANGUAGE_STANDARD = gnu11;
				GCC_DYNAMIC_NO_PIC = NO;
				GCC_NO_COMMON_BLOCKS = YES;
				GCC_OPTIMIZATION_LEVEL = 0;
				GCC_PREPROCESSOR_DEFINITIONS = (
					"DEBUG=1",
					"$(inherited)",
				);
				GCC_WARN_64_TO_32_BIT_CONVERSION = YES;
				GCC_WARN_ABOUT_RETURN_TYPE = YES_ERROR;
				GCC_WARN_UNDECLARED_SELECTOR = YES;
				GCC_WARN_UNINITIALIZED_AUTOS = YES_AGGRESSIVE;
				GCC_WARN_UNUSED_FUNCTION = YES;
				GCC_WARN_UNUSED_VARIABLE = YES;
				IPHONEOS_DEPLOYMENT_TARGET = 11.2;
				MTL_ENABLE_DEBUG_INFO = YES;
				ONLY_ACTIVE_ARCH = YES;
				SDKROOT = iphoneos;
			};
			name = Debug;
		};
		54C8350E204991BC00047EF8 /* Release */ = {
			isa = XCBuildConfiguration;
			buildSettings = {
				ALWAYS_SEARCH_USER_PATHS = NO;
				CLANG_ANALYZER_NONNULL = YES;
				CLANG_ANALYZER_NUMBER_OBJECT_CONVERSION = YES_AGGRESSIVE;
				CLANG_CXX_LANGUAGE_STANDARD = "gnu++14";
				CLANG_CXX_LIBRARY = "libc++";
				CLANG_ENABLE_MODULES = YES;
				CLANG_ENABLE_OBJC_ARC = YES;
				CLANG_WARN_BLOCK_CAPTURE_AUTORELEASING = YES;
				CLANG_WARN_BOOL_CONVERSION = YES;
				CLANG_WARN_COMMA = YES;
				CLANG_WARN_CONSTANT_CONVERSION = YES;
				CLANG_WARN_DIRECT_OBJC_ISA_USAGE = YES_ERROR;
				CLANG_WARN_DOCUMENTATION_COMMENTS = YES;
				CLANG_WARN_EMPTY_BODY = YES;
				CLANG_WARN_ENUM_CONVERSION = YES;
				CLANG_WARN_INFINITE_RECURSION = YES;
				CLANG_WARN_INT_CONVERSION = YES;
				CLANG_WARN_NON_LITERAL_NULL_CONVERSION = YES;
				CLANG_WARN_OBJC_LITERAL_CONVERSION = YES;
				CLANG_WARN_OBJC_ROOT_CLASS = YES_ERROR;
				CLANG_WARN_RANGE_LOOP_ANALYSIS = YES;
				CLANG_WARN_STRICT_PROTOTYPES = YES;
				CLANG_WARN_SUSPICIOUS_MOVE = YES;
				CLANG_WARN_UNGUARDED_AVAILABILITY = YES_AGGRESSIVE;
				CLANG_WARN_UNREACHABLE_CODE = YES;
				CLANG_WARN__DUPLICATE_METHOD_MATCH = YES;
				CODE_SIGN_IDENTITY = "iPhone Developer";
				COPY_PHASE_STRIP = NO;
				DEBUG_INFORMATION_FORMAT = "dwarf-with-dsym";
				ENABLE_NS_ASSERTIONS = NO;
				ENABLE_STRICT_OBJC_MSGSEND = YES;
				GCC_C_LANGUAGE_STANDARD = gnu11;
				GCC_NO_COMMON_BLOCKS = YES;
				GCC_WARN_64_TO_32_BIT_CONVERSION = YES;
				GCC_WARN_ABOUT_RETURN_TYPE = YES_ERROR;
				GCC_WARN_UNDECLARED_SELECTOR = YES;
				GCC_WARN_UNINITIALIZED_AUTOS = YES_AGGRESSIVE;
				GCC_WARN_UNUSED_FUNCTION = YES;
				GCC_WARN_UNUSED_VARIABLE = YES;
				IPHONEOS_DEPLOYMENT_TARGET = 11.2;
				MTL_ENABLE_DEBUG_INFO = NO;
				SDKROOT = iphoneos;
				VALIDATE_PRODUCT = YES;
			};
			name = Release;
		};
		54C83510204991BC00047EF8 /* Debug */ = {
			isa = XCBuildConfiguration;
			buildSettings = {
				ASSETCATALOG_COMPILER_APPICON_NAME = AppIcon;
				CODE_SIGN_STYLE = Automatic;
				DEVELOPMENT_TEAM = 49VYEW5CMM;
				INFOPLIST_FILE = TransitionAnimation/Info.plist;
				IPHONEOS_DEPLOYMENT_TARGET = 10;
				LD_RUNPATH_SEARCH_PATHS = "$(inherited) @executable_path/Frameworks";
				PRODUCT_BUNDLE_IDENTIFIER = "-.Default.com.TransitionAnimation";
				PRODUCT_NAME = "$(TARGET_NAME)";
				TARGETED_DEVICE_FAMILY = "1,2";
			};
			name = Debug;
		};
		54C83511204991BC00047EF8 /* Release */ = {
			isa = XCBuildConfiguration;
			buildSettings = {
				ASSETCATALOG_COMPILER_APPICON_NAME = AppIcon;
				CODE_SIGN_STYLE = Automatic;
				DEVELOPMENT_TEAM = 49VYEW5CMM;
				INFOPLIST_FILE = TransitionAnimation/Info.plist;
				IPHONEOS_DEPLOYMENT_TARGET = 10;
				LD_RUNPATH_SEARCH_PATHS = "$(inherited) @executable_path/Frameworks";
				PRODUCT_BUNDLE_IDENTIFIER = "-.Default.com.TransitionAnimation";
				PRODUCT_NAME = "$(TARGET_NAME)";
				TARGETED_DEVICE_FAMILY = "1,2";
			};
			name = Release;
		};
		54C83513204991BC00047EF8 /* Debug */ = {
			isa = XCBuildConfiguration;
			buildSettings = {
				BUNDLE_LOADER = "$(TEST_HOST)";
				CODE_SIGN_STYLE = Automatic;
				INFOPLIST_FILE = TransitionAnimationTests/Info.plist;
				LD_RUNPATH_SEARCH_PATHS = "$(inherited) @executable_path/Frameworks @loader_path/Frameworks";
				PRODUCT_BUNDLE_IDENTIFIER = "-.Default.com.TransitionAnimationTests";
				PRODUCT_NAME = "$(TARGET_NAME)";
				TARGETED_DEVICE_FAMILY = "1,2";
				TEST_HOST = "$(BUILT_PRODUCTS_DIR)/TransitionAnimation.app/TransitionAnimation";
			};
			name = Debug;
		};
		54C83514204991BC00047EF8 /* Release */ = {
			isa = XCBuildConfiguration;
			buildSettings = {
				BUNDLE_LOADER = "$(TEST_HOST)";
				CODE_SIGN_STYLE = Automatic;
				INFOPLIST_FILE = TransitionAnimationTests/Info.plist;
				LD_RUNPATH_SEARCH_PATHS = "$(inherited) @executable_path/Frameworks @loader_path/Frameworks";
				PRODUCT_BUNDLE_IDENTIFIER = "-.Default.com.TransitionAnimationTests";
				PRODUCT_NAME = "$(TARGET_NAME)";
				TARGETED_DEVICE_FAMILY = "1,2";
				TEST_HOST = "$(BUILT_PRODUCTS_DIR)/TransitionAnimation.app/TransitionAnimation";
			};
			name = Release;
		};
		54C83516204991BC00047EF8 /* Debug */ = {
			isa = XCBuildConfiguration;
			buildSettings = {
				CODE_SIGN_STYLE = Automatic;
				INFOPLIST_FILE = TransitionAnimationUITests/Info.plist;
				LD_RUNPATH_SEARCH_PATHS = "$(inherited) @executable_path/Frameworks @loader_path/Frameworks";
				PRODUCT_BUNDLE_IDENTIFIER = "-.Default.com.TransitionAnimationUITests";
				PRODUCT_NAME = "$(TARGET_NAME)";
				TARGETED_DEVICE_FAMILY = "1,2";
				TEST_TARGET_NAME = TransitionAnimation;
			};
			name = Debug;
		};
		54C83517204991BC00047EF8 /* Release */ = {
			isa = XCBuildConfiguration;
			buildSettings = {
				CODE_SIGN_STYLE = Automatic;
				INFOPLIST_FILE = TransitionAnimationUITests/Info.plist;
				LD_RUNPATH_SEARCH_PATHS = "$(inherited) @executable_path/Frameworks @loader_path/Frameworks";
				PRODUCT_BUNDLE_IDENTIFIER = "-.Default.com.TransitionAnimationUITests";
				PRODUCT_NAME = "$(TARGET_NAME)";
				TARGETED_DEVICE_FAMILY = "1,2";
				TEST_TARGET_NAME = TransitionAnimation;
			};
			name = Release;
		};
/* End XCBuildConfiguration section */

/* Begin XCConfigurationList section */
		54C834DE204991BB00047EF8 /* Build configuration list for PBXProject "TransitionAnimation" */ = {
			isa = XCConfigurationList;
			buildConfigurations = (
				54C8350D204991BC00047EF8 /* Debug */,
				54C8350E204991BC00047EF8 /* Release */,
			);
			defaultConfigurationIsVisible = 0;
			defaultConfigurationName = Release;
		};
		54C8350F204991BC00047EF8 /* Build configuration list for PBXNativeTarget "TransitionAnimation" */ = {
			isa = XCConfigurationList;
			buildConfigurations = (
				54C83510204991BC00047EF8 /* Debug */,
				54C83511204991BC00047EF8 /* Release */,
			);
			defaultConfigurationIsVisible = 0;
			defaultConfigurationName = Release;
		};
		54C83512204991BC00047EF8 /* Build configuration list for PBXNativeTarget "TransitionAnimationTests" */ = {
			isa = XCConfigurationList;
			buildConfigurations = (
				54C83513204991BC00047EF8 /* Debug */,
				54C83514204991BC00047EF8 /* Release */,
			);
			defaultConfigurationIsVisible = 0;
			defaultConfigurationName = Release;
		};
		54C83515204991BC00047EF8 /* Build configuration list for PBXNativeTarget "TransitionAnimationUITests" */ = {
			isa = XCConfigurationList;
			buildConfigurations = (
				54C83516204991BC00047EF8 /* Debug */,
				54C83517204991BC00047EF8 /* Release */,
			);
			defaultConfigurationIsVisible = 0;
			defaultConfigurationName = Release;
		};
/* End XCConfigurationList section */
	};
	rootObject = 54C834DB204991BB00047EF8 /* Project object */;
}
